// !$*UTF8*$!
{
	archiveVersion = 1;
	classes = {
	};
	objectVersion = 56;
	objects = {

/* Begin PBXBuildFile section */
		7408677E2C2E54BB0083D323 /* AppDelegate.swift in Sources */ = {isa = PBXBuildFile; fileRef = 7408677D2C2E54BB0083D323 /* AppDelegate.swift */; };
		740867872C2E54BC0083D323 /* Assets.xcassets in Resources */ = {isa = PBXBuildFile; fileRef = 740867862C2E54BC0083D323 /* Assets.xcassets */; };
		7408678A2C2E54BC0083D323 /* Base in Resources */ = {isa = PBXBuildFile; fileRef = 740867892C2E54BC0083D323 /* Base */; };
		740867952C2E54BC0083D323 /* MovieTrendingTests.swift in Sources */ = {isa = PBXBuildFile; fileRef = 740867942C2E54BC0083D323 /* MovieTrendingTests.swift */; };
		7408679F2C2E54BC0083D323 /* MovieTrendingUITests.swift in Sources */ = {isa = PBXBuildFile; fileRef = 7408679E2C2E54BC0083D323 /* MovieTrendingUITests.swift */; };
		740867A12C2E54BC0083D323 /* MovieTrendingUITestsLaunchTests.swift in Sources */ = {isa = PBXBuildFile; fileRef = 740867A02C2E54BC0083D323 /* MovieTrendingUITestsLaunchTests.swift */; };
		740867B02C2E56200083D323 /* MainViewController.xib in Resources */ = {isa = PBXBuildFile; fileRef = 740867AF2C2E56200083D323 /* MainViewController.xib */; };
		740867B12C2E56200083D323 /* MainViewController.swift in Sources */ = {isa = PBXBuildFile; fileRef = 740867AE2C2E56200083D323 /* MainViewController.swift */; };
		74E4FA4F2C2E5D2F00047BAF /* MainViewController+TableView.swift in Sources */ = {isa = PBXBuildFile; fileRef = 74E4FA4E2C2E5D2F00047BAF /* MainViewController+TableView.swift */; };
		74E4FA512C2E606200047BAF /* MainViewModel.swift in Sources */ = {isa = PBXBuildFile; fileRef = 74E4FA502C2E606200047BAF /* MainViewModel.swift */; };
		74EDBA0D2C31E9D100F51CF2 /* NetworkConstant.swift in Sources */ = {isa = PBXBuildFile; fileRef = 74EDBA0C2C31E9D100F51CF2 /* NetworkConstant.swift */; };
		74EDBA0F2C31EB3500F51CF2 /* APICaller.swift in Sources */ = {isa = PBXBuildFile; fileRef = 74EDBA0E2C31EB3500F51CF2 /* APICaller.swift */; };
		74EDBA112C31EBA000F51CF2 /* TrendingMoviesModel.swift in Sources */ = {isa = PBXBuildFile; fileRef = 74EDBA102C31EBA000F51CF2 /* TrendingMoviesModel.swift */; };
		74EDBA132C31F4F900F51CF2 /* Observale.swift in Sources */ = {isa = PBXBuildFile; fileRef = 74EDBA122C31F4F900F51CF2 /* Observale.swift */; };
		74EDBA192C3222DB00F51CF2 /* MainMovieCell.xib in Resources */ = {isa = PBXBuildFile; fileRef = 74EDBA182C3222DB00F51CF2 /* MainMovieCell.xib */; };
		74EDBA1A2C3222DB00F51CF2 /* MainMovieCell.swift in Sources */ = {isa = PBXBuildFile; fileRef = 74EDBA172C3222DB00F51CF2 /* MainMovieCell.swift */; };
		74EDBA1E2C3226E000F51CF2 /* UIViewExtensions.swift in Sources */ = {isa = PBXBuildFile; fileRef = 74EDBA1D2C3226E000F51CF2 /* UIViewExtensions.swift */; };
		74EDBA202C32278600F51CF2 /* MovieTableCellViewModel.swift in Sources */ = {isa = PBXBuildFile; fileRef = 74EDBA1F2C32278600F51CF2 /* MovieTableCellViewModel.swift */; };
		74EDBA232C3229FA00F51CF2 /* SDWebImage in Frameworks */ = {isa = PBXBuildFile; productRef = 74EDBA222C3229FA00F51CF2 /* SDWebImage */; };
/* End PBXBuildFile section */

/* Begin PBXContainerItemProxy section */
		740867912C2E54BC0083D323 /* PBXContainerItemProxy */ = {
			isa = PBXContainerItemProxy;
			containerPortal = 740867722C2E54BB0083D323 /* Project object */;
			proxyType = 1;
			remoteGlobalIDString = 740867792C2E54BB0083D323;
			remoteInfo = MovieTrending;
		};
		7408679B2C2E54BC0083D323 /* PBXContainerItemProxy */ = {
			isa = PBXContainerItemProxy;
			containerPortal = 740867722C2E54BB0083D323 /* Project object */;
			proxyType = 1;
			remoteGlobalIDString = 740867792C2E54BB0083D323;
			remoteInfo = MovieTrending;
		};
/* End PBXContainerItemProxy section */

/* Begin PBXFileReference section */
		7408677A2C2E54BB0083D323 /* MovieTrending.app */ = {isa = PBXFileReference; explicitFileType = wrapper.application; includeInIndex = 0; path = MovieTrending.app; sourceTree = BUILT_PRODUCTS_DIR; };
		7408677D2C2E54BB0083D323 /* AppDelegate.swift */ = {isa = PBXFileReference; lastKnownFileType = sourcecode.swift; path = AppDelegate.swift; sourceTree = "<group>"; };
		740867862C2E54BC0083D323 /* Assets.xcassets */ = {isa = PBXFileReference; lastKnownFileType = folder.assetcatalog; path = Assets.xcassets; sourceTree = "<group>"; };
		740867892C2E54BC0083D323 /* Base */ = {isa = PBXFileReference; lastKnownFileType = file.storyboard; name = Base; path = Base.lproj/LaunchScreen.storyboard; sourceTree = "<group>"; };
		7408678B2C2E54BC0083D323 /* Info.plist */ = {isa = PBXFileReference; lastKnownFileType = text.plist.xml; path = Info.plist; sourceTree = "<group>"; };
		740867902C2E54BC0083D323 /* MovieTrendingTests.xctest */ = {isa = PBXFileReference; explicitFileType = wrapper.cfbundle; includeInIndex = 0; path = MovieTrendingTests.xctest; sourceTree = BUILT_PRODUCTS_DIR; };
		740867942C2E54BC0083D323 /* MovieTrendingTests.swift */ = {isa = PBXFileReference; lastKnownFileType = sourcecode.swift; path = MovieTrendingTests.swift; sourceTree = "<group>"; };
		7408679A2C2E54BC0083D323 /* MovieTrendingUITests.xctest */ = {isa = PBXFileReference; explicitFileType = wrapper.cfbundle; includeInIndex = 0; path = MovieTrendingUITests.xctest; sourceTree = BUILT_PRODUCTS_DIR; };
		7408679E2C2E54BC0083D323 /* MovieTrendingUITests.swift */ = {isa = PBXFileReference; lastKnownFileType = sourcecode.swift; path = MovieTrendingUITests.swift; sourceTree = "<group>"; };
		740867A02C2E54BC0083D323 /* MovieTrendingUITestsLaunchTests.swift */ = {isa = PBXFileReference; lastKnownFileType = sourcecode.swift; path = MovieTrendingUITestsLaunchTests.swift; sourceTree = "<group>"; };
		740867AE2C2E56200083D323 /* MainViewController.swift */ = {isa = PBXFileReference; lastKnownFileType = sourcecode.swift; path = MainViewController.swift; sourceTree = "<group>"; };
		740867AF2C2E56200083D323 /* MainViewController.xib */ = {isa = PBXFileReference; lastKnownFileType = file.xib; path = MainViewController.xib; sourceTree = "<group>"; };
		74E4FA4E2C2E5D2F00047BAF /* MainViewController+TableView.swift */ = {isa = PBXFileReference; lastKnownFileType = sourcecode.swift; path = "MainViewController+TableView.swift"; sourceTree = "<group>"; };
		74E4FA502C2E606200047BAF /* MainViewModel.swift */ = {isa = PBXFileReference; lastKnownFileType = sourcecode.swift; path = MainViewModel.swift; sourceTree = "<group>"; };
		74EDBA0C2C31E9D100F51CF2 /* NetworkConstant.swift */ = {isa = PBXFileReference; lastKnownFileType = sourcecode.swift; path = NetworkConstant.swift; sourceTree = "<group>"; };
		74EDBA0E2C31EB3500F51CF2 /* APICaller.swift */ = {isa = PBXFileReference; lastKnownFileType = sourcecode.swift; path = APICaller.swift; sourceTree = "<group>"; };
		74EDBA102C31EBA000F51CF2 /* TrendingMoviesModel.swift */ = {isa = PBXFileReference; lastKnownFileType = sourcecode.swift; path = TrendingMoviesModel.swift; sourceTree = "<group>"; };
		74EDBA122C31F4F900F51CF2 /* Observale.swift */ = {isa = PBXFileReference; lastKnownFileType = sourcecode.swift; path = Observale.swift; sourceTree = "<group>"; };
		74EDBA172C3222DB00F51CF2 /* MainMovieCell.swift */ = {isa = PBXFileReference; lastKnownFileType = sourcecode.swift; path = MainMovieCell.swift; sourceTree = "<group>"; };
		74EDBA182C3222DB00F51CF2 /* MainMovieCell.xib */ = {isa = PBXFileReference; lastKnownFileType = file.xib; path = MainMovieCell.xib; sourceTree = "<group>"; };
		74EDBA1D2C3226E000F51CF2 /* UIViewExtensions.swift */ = {isa = PBXFileReference; lastKnownFileType = sourcecode.swift; path = UIViewExtensions.swift; sourceTree = "<group>"; };
		74EDBA1F2C32278600F51CF2 /* MovieTableCellViewModel.swift */ = {isa = PBXFileReference; lastKnownFileType = sourcecode.swift; path = MovieTableCellViewModel.swift; sourceTree = "<group>"; };
/* End PBXFileReference section */

/* Begin PBXFrameworksBuildPhase section */
		740867772C2E54BB0083D323 /* Frameworks */ = {
			isa = PBXFrameworksBuildPhase;
			buildActionMask = 2147483647;
			files = (
				74EDBA232C3229FA00F51CF2 /* SDWebImage in Frameworks */,
			);
			runOnlyForDeploymentPostprocessing = 0;
		};
		7408678D2C2E54BC0083D323 /* Frameworks */ = {
			isa = PBXFrameworksBuildPhase;
			buildActionMask = 2147483647;
			files = (
			);
			runOnlyForDeploymentPostprocessing = 0;
		};
		740867972C2E54BC0083D323 /* Frameworks */ = {
			isa = PBXFrameworksBuildPhase;
			buildActionMask = 2147483647;
			files = (
			);
			runOnlyForDeploymentPostprocessing = 0;
		};
/* End PBXFrameworksBuildPhase section */

/* Begin PBXGroup section */
		740867712C2E54BB0083D323 = {
			isa = PBXGroup;
			children = (
				7408677C2C2E54BB0083D323 /* MovieTrending */,
				740867932C2E54BC0083D323 /* MovieTrendingTests */,
				7408679D2C2E54BC0083D323 /* MovieTrendingUITests */,
				7408677B2C2E54BB0083D323 /* Products */,
			);
			sourceTree = "<group>";
		};
		7408677B2C2E54BB0083D323 /* Products */ = {
			isa = PBXGroup;
			children = (
				7408677A2C2E54BB0083D323 /* MovieTrending.app */,
				740867902C2E54BC0083D323 /* MovieTrendingTests.xctest */,
				7408679A2C2E54BC0083D323 /* MovieTrendingUITests.xctest */,
			);
			name = Products;
			sourceTree = "<group>";
		};
		7408677C2C2E54BB0083D323 /* MovieTrending */ = {
			isa = PBXGroup;
			children = (
				74E4FA4D2C2E59DE00047BAF /* View */,
				74E4FA4C2C2E59D600047BAF /* ViewModel */,
				74E4FA4B2C2E59D200047BAF /* Controllers */,
				74E4FA4A2C2E59CD00047BAF /* Model */,
				74E4FA492C2E59C900047BAF /* Classes */,
				74E4FA482C2E59C000047BAF /* Resources */,
				74E4FA472C2E59B800047BAF /* Extensions */,
				74E4FA462C2E59B100047BAF /* Networking */,
				7408677D2C2E54BB0083D323 /* AppDelegate.swift */,
				7408678B2C2E54BC0083D323 /* Info.plist */,
			);
			path = MovieTrending;
			sourceTree = "<group>";
		};
		740867932C2E54BC0083D323 /* MovieTrendingTests */ = {
			isa = PBXGroup;
			children = (
				740867942C2E54BC0083D323 /* MovieTrendingTests.swift */,
			);
			path = MovieTrendingTests;
			sourceTree = "<group>";
		};
		7408679D2C2E54BC0083D323 /* MovieTrendingUITests */ = {
			isa = PBXGroup;
			children = (
				7408679E2C2E54BC0083D323 /* MovieTrendingUITests.swift */,
				740867A02C2E54BC0083D323 /* MovieTrendingUITestsLaunchTests.swift */,
			);
			path = MovieTrendingUITests;
			sourceTree = "<group>";
		};
		740867AD2C2E55F20083D323 /* MainViewController */ = {
			isa = PBXGroup;
			children = (
				740867AE2C2E56200083D323 /* MainViewController.swift */,
				740867AF2C2E56200083D323 /* MainViewController.xib */,
				74E4FA4E2C2E5D2F00047BAF /* MainViewController+TableView.swift */,
			);
			path = MainViewController;
			sourceTree = "<group>";
		};
		74E4FA462C2E59B100047BAF /* Networking */ = {
			isa = PBXGroup;
			children = (
				74EDBA0C2C31E9D100F51CF2 /* NetworkConstant.swift */,
				74EDBA0E2C31EB3500F51CF2 /* APICaller.swift */,
			);
			path = Networking;
			sourceTree = "<group>";
		};
		74E4FA472C2E59B800047BAF /* Extensions */ = {
			isa = PBXGroup;
			children = (
				74EDBA1D2C3226E000F51CF2 /* UIViewExtensions.swift */,
			);
			path = Extensions;
			sourceTree = "<group>";
		};
		74E4FA482C2E59C000047BAF /* Resources */ = {
			isa = PBXGroup;
			children = (
				740867862C2E54BC0083D323 /* Assets.xcassets */,
			);
			path = Resources;
			sourceTree = "<group>";
		};
		74E4FA492C2E59C900047BAF /* Classes */ = {
			isa = PBXGroup;
			children = (
				74EDBA122C31F4F900F51CF2 /* Observale.swift */,
			);
			path = Classes;
			sourceTree = "<group>";
		};
		74E4FA4A2C2E59CD00047BAF /* Model */ = {
			isa = PBXGroup;
			children = (
				74EDBA102C31EBA000F51CF2 /* TrendingMoviesModel.swift */,
			);
			path = Model;
			sourceTree = "<group>";
		};
		74E4FA4B2C2E59D200047BAF /* Controllers */ = {
			isa = PBXGroup;
			children = (
				740867AD2C2E55F20083D323 /* MainViewController */,
			);
			path = Controllers;
			sourceTree = "<group>";
		};
		74E4FA4C2C2E59D600047BAF /* ViewModel */ = {
			isa = PBXGroup;
			children = (
				74E4FA502C2E606200047BAF /* MainViewModel.swift */,
				74EDBA1F2C32278600F51CF2 /* MovieTableCellViewModel.swift */,
			);
			path = ViewModel;
			sourceTree = "<group>";
		};
		74E4FA4D2C2E59DE00047BAF /* View */ = {
			isa = PBXGroup;
			children = (
				74EDBA142C32228400F51CF2 /* MainMovieCell */,
				740867882C2E54BC0083D323 /* LaunchScreen.storyboard */,
			);
			path = View;
			sourceTree = "<group>";
		};
		74EDBA142C32228400F51CF2 /* MainMovieCell */ = {
			isa = PBXGroup;
			children = (
				74EDBA172C3222DB00F51CF2 /* MainMovieCell.swift */,
				74EDBA182C3222DB00F51CF2 /* MainMovieCell.xib */,
			);
			path = MainMovieCell;
			sourceTree = "<group>";
		};
/* End PBXGroup section */

/* Begin PBXNativeTarget section */
		740867792C2E54BB0083D323 /* MovieTrending */ = {
			isa = PBXNativeTarget;
			buildConfigurationList = 740867A42C2E54BC0083D323 /* Build configuration list for PBXNativeTarget "MovieTrending" */;
			buildPhases = (
				740867762C2E54BB0083D323 /* Sources */,
				740867772C2E54BB0083D323 /* Frameworks */,
				740867782C2E54BB0083D323 /* Resources */,
			);
			buildRules = (
			);
			dependencies = (
			);
			name = MovieTrending;
			packageProductDependencies = (
				74EDBA222C3229FA00F51CF2 /* SDWebImage */,
			);
			productName = MovieTrending;
			productReference = 7408677A2C2E54BB0083D323 /* MovieTrending.app */;
			productType = "com.apple.product-type.application";
		};
		7408678F2C2E54BC0083D323 /* MovieTrendingTests */ = {
			isa = PBXNativeTarget;
			buildConfigurationList = 740867A72C2E54BC0083D323 /* Build configuration list for PBXNativeTarget "MovieTrendingTests" */;
			buildPhases = (
				7408678C2C2E54BC0083D323 /* Sources */,
				7408678D2C2E54BC0083D323 /* Frameworks */,
				7408678E2C2E54BC0083D323 /* Resources */,
			);
			buildRules = (
			);
			dependencies = (
				740867922C2E54BC0083D323 /* PBXTargetDependency */,
			);
			name = MovieTrendingTests;
			productName = MovieTrendingTests;
			productReference = 740867902C2E54BC0083D323 /* MovieTrendingTests.xctest */;
			productType = "com.apple.product-type.bundle.unit-test";
		};
		740867992C2E54BC0083D323 /* MovieTrendingUITests */ = {
			isa = PBXNativeTarget;
			buildConfigurationList = 740867AA2C2E54BC0083D323 /* Build configuration list for PBXNativeTarget "MovieTrendingUITests" */;
			buildPhases = (
				740867962C2E54BC0083D323 /* Sources */,
				740867972C2E54BC0083D323 /* Frameworks */,
				740867982C2E54BC0083D323 /* Resources */,
			);
			buildRules = (
			);
			dependencies = (
				7408679C2C2E54BC0083D323 /* PBXTargetDependency */,
			);
			name = MovieTrendingUITests;
			productName = MovieTrendingUITests;
			productReference = 7408679A2C2E54BC0083D323 /* MovieTrendingUITests.xctest */;
			productType = "com.apple.product-type.bundle.ui-testing";
		};
/* End PBXNativeTarget section */

/* Begin PBXProject section */
		740867722C2E54BB0083D323 /* Project object */ = {
			isa = PBXProject;
			attributes = {
				BuildIndependentTargetsInParallel = 1;
				LastSwiftUpdateCheck = 1540;
				LastUpgradeCheck = 1540;
				TargetAttributes = {
					740867792C2E54BB0083D323 = {
						CreatedOnToolsVersion = 15.4;
					};
					7408678F2C2E54BC0083D323 = {
						CreatedOnToolsVersion = 15.4;
						TestTargetID = 740867792C2E54BB0083D323;
					};
					740867992C2E54BC0083D323 = {
						CreatedOnToolsVersion = 15.4;
						TestTargetID = 740867792C2E54BB0083D323;
					};
				};
			};
			buildConfigurationList = 740867752C2E54BB0083D323 /* Build configuration list for PBXProject "MovieTrending" */;
			compatibilityVersion = "Xcode 14.0";
			developmentRegion = en;
			hasScannedForEncodings = 0;
			knownRegions = (
				en,
				Base,
			);
			mainGroup = 740867712C2E54BB0083D323;
			packageReferences = (
				74EDBA212C32292500F51CF2 /* XCRemoteSwiftPackageReference "SDWebImage" */,
			);
			productRefGroup = 7408677B2C2E54BB0083D323 /* Products */;
			projectDirPath = "";
			projectRoot = "";
			targets = (
				740867792C2E54BB0083D323 /* MovieTrending */,
				7408678F2C2E54BC0083D323 /* MovieTrendingTests */,
				740867992C2E54BC0083D323 /* MovieTrendingUITests */,
			);
		};
/* End PBXProject section */

/* Begin PBXResourcesBuildPhase section */
		740867782C2E54BB0083D323 /* Resources */ = {
			isa = PBXResourcesBuildPhase;
			buildActionMask = 2147483647;
			files = (
				740867872C2E54BC0083D323 /* Assets.xcassets in Resources */,
				740867B02C2E56200083D323 /* MainViewController.xib in Resources */,
				7408678A2C2E54BC0083D323 /* Base in Resources */,
				74EDBA192C3222DB00F51CF2 /* MainMovieCell.xib in Resources */,
			);
			runOnlyForDeploymentPostprocessing = 0;
		};
		7408678E2C2E54BC0083D323 /* Resources */ = {
			isa = PBXResourcesBuildPhase;
			buildActionMask = 2147483647;
			files = (
			);
			runOnlyForDeploymentPostprocessing = 0;
		};
		740867982C2E54BC0083D323 /* Resources */ = {
			isa = PBXResourcesBuildPhase;
			buildActionMask = 2147483647;
			files = (
			);
			runOnlyForDeploymentPostprocessing = 0;
		};
/* End PBXResourcesBuildPhase section */

/* Begin PBXSourcesBuildPhase section */
		740867762C2E54BB0083D323 /* Sources */ = {
			isa = PBXSourcesBuildPhase;
			buildActionMask = 2147483647;
			files = (
				7408677E2C2E54BB0083D323 /* AppDelegate.swift in Sources */,
				74EDBA1A2C3222DB00F51CF2 /* MainMovieCell.swift in Sources */,
				74EDBA0F2C31EB3500F51CF2 /* APICaller.swift in Sources */,
				74E4FA4F2C2E5D2F00047BAF /* MainViewController+TableView.swift in Sources */,
				740867B12C2E56200083D323 /* MainViewController.swift in Sources */,
				74EDBA0D2C31E9D100F51CF2 /* NetworkConstant.swift in Sources */,
				74EDBA1E2C3226E000F51CF2 /* UIViewExtensions.swift in Sources */,
				74EDBA202C32278600F51CF2 /* MovieTableCellViewModel.swift in Sources */,
				74EDBA132C31F4F900F51CF2 /* Observale.swift in Sources */,
				74E4FA512C2E606200047BAF /* MainViewModel.swift in Sources */,
				74EDBA112C31EBA000F51CF2 /* TrendingMoviesModel.swift in Sources */,
			);
			runOnlyForDeploymentPostprocessing = 0;
		};
		7408678C2C2E54BC0083D323 /* Sources */ = {
			isa = PBXSourcesBuildPhase;
			buildActionMask = 2147483647;
			files = (
				740867952C2E54BC0083D323 /* MovieTrendingTests.swift in Sources */,
			);
			runOnlyForDeploymentPostprocessing = 0;
		};
		740867962C2E54BC0083D323 /* Sources */ = {
			isa = PBXSourcesBuildPhase;
			buildActionMask = 2147483647;
			files = (
				740867A12C2E54BC0083D323 /* MovieTrendingUITestsLaunchTests.swift in Sources */,
				7408679F2C2E54BC0083D323 /* MovieTrendingUITests.swift in Sources */,
			);
			runOnlyForDeploymentPostprocessing = 0;
		};
/* End PBXSourcesBuildPhase section */

/* Begin PBXTargetDependency section */
		740867922C2E54BC0083D323 /* PBXTargetDependency */ = {
			isa = PBXTargetDependency;
			target = 740867792C2E54BB0083D323 /* MovieTrending */;
			targetProxy = 740867912C2E54BC0083D323 /* PBXContainerItemProxy */;
		};
		7408679C2C2E54BC0083D323 /* PBXTargetDependency */ = {
			isa = PBXTargetDependency;
			target = 740867792C2E54BB0083D323 /* MovieTrending */;
			targetProxy = 7408679B2C2E54BC0083D323 /* PBXContainerItemProxy */;
		};
/* End PBXTargetDependency section */

/* Begin PBXVariantGroup section */
		740867882C2E54BC0083D323 /* LaunchScreen.storyboard */ = {
			isa = PBXVariantGroup;
			children = (
				740867892C2E54BC0083D323 /* Base */,
			);
			name = LaunchScreen.storyboard;
			sourceTree = "<group>";
		};
/* End PBXVariantGroup section */

/* Begin XCBuildConfiguration section */
		740867A22C2E54BC0083D323 /* Debug */ = {
			isa = XCBuildConfiguration;
			buildSettings = {
				ALWAYS_SEARCH_USER_PATHS = NO;
				ASSETCATALOG_COMPILER_GENERATE_SWIFT_ASSET_SYMBOL_EXTENSIONS = YES;
				CLANG_ANALYZER_NONNULL = YES;
				CLANG_ANALYZER_NUMBER_OBJECT_CONVERSION = YES_AGGRESSIVE;
				CLANG_CXX_LANGUAGE_STANDARD = "gnu++20";
				CLANG_ENABLE_MODULES = YES;
				CLANG_ENABLE_OBJC_ARC = YES;
				CLANG_ENABLE_OBJC_WEAK = YES;
				CLANG_WARN_BLOCK_CAPTURE_AUTORELEASING = YES;
				CLANG_WARN_BOOL_CONVERSION = YES;
				CLANG_WARN_COMMA = YES;
				CLANG_WARN_CONSTANT_CONVERSION = YES;
				CLANG_WARN_DEPRECATED_OBJC_IMPLEMENTATIONS = YES;
				CLANG_WARN_DIRECT_OBJC_ISA_USAGE = YES_ERROR;
				CLANG_WARN_DOCUMENTATION_COMMENTS = YES;
				CLANG_WARN_EMPTY_BODY = YES;
				CLANG_WARN_ENUM_CONVERSION = YES;
				CLANG_WARN_INFINITE_RECURSION = YES;
				CLANG_WARN_INT_CONVERSION = YES;
				CLANG_WARN_NON_LITERAL_NULL_CONVERSION = YES;
				CLANG_WARN_OBJC_IMPLICIT_RETAIN_SELF = YES;
				CLANG_WARN_OBJC_LITERAL_CONVERSION = YES;
				CLANG_WARN_OBJC_ROOT_CLASS = YES_ERROR;
				CLANG_WARN_QUOTED_INCLUDE_IN_FRAMEWORK_HEADER = YES;
				CLANG_WARN_RANGE_LOOP_ANALYSIS = YES;
				CLANG_WARN_STRICT_PROTOTYPES = YES;
				CLANG_WARN_SUSPICIOUS_MOVE = YES;
				CLANG_WARN_UNGUARDED_AVAILABILITY = YES_AGGRESSIVE;
				CLANG_WARN_UNREACHABLE_CODE = YES;
				CLANG_WARN__DUPLICATE_METHOD_MATCH = YES;
				COPY_PHASE_STRIP = NO;
				DEBUG_INFORMATION_FORMAT = dwarf;
				ENABLE_STRICT_OBJC_MSGSEND = YES;
				ENABLE_TESTABILITY = YES;
				ENABLE_USER_SCRIPT_SANDBOXING = YES;
				GCC_C_LANGUAGE_STANDARD = gnu17;
				GCC_DYNAMIC_NO_PIC = NO;
				GCC_NO_COMMON_BLOCKS = YES;
				GCC_OPTIMIZATION_LEVEL = 0;
				GCC_PREPROCESSOR_DEFINITIONS = (
					"DEBUG=1",
					"$(inherited)",
				);
				GCC_WARN_64_TO_32_BIT_CONVERSION = YES;
				GCC_WARN_ABOUT_RETURN_TYPE = YES_ERROR;
				GCC_WARN_UNDECLARED_SELECTOR = YES;
				GCC_WARN_UNINITIALIZED_AUTOS = YES_AGGRESSIVE;
				GCC_WARN_UNUSED_FUNCTION = YES;
				GCC_WARN_UNUSED_VARIABLE = YES;
				IPHONEOS_DEPLOYMENT_TARGET = 17.5;
				LOCALIZATION_PREFERS_STRING_CATALOGS = YES;
				MTL_ENABLE_DEBUG_INFO = INCLUDE_SOURCE;
				MTL_FAST_MATH = YES;
				ONLY_ACTIVE_ARCH = YES;
				SDKROOT = iphoneos;
				SWIFT_ACTIVE_COMPILATION_CONDITIONS = "DEBUG $(inherited)";
				SWIFT_OPTIMIZATION_LEVEL = "-Onone";
			};
			name = Debug;
		};
		740867A32C2E54BC0083D323 /* Release */ = {
			isa = XCBuildConfiguration;
			buildSettings = {
				ALWAYS_SEARCH_USER_PATHS = NO;
				ASSETCATALOG_COMPILER_GENERATE_SWIFT_ASSET_SYMBOL_EXTENSIONS = YES;
				CLANG_ANALYZER_NONNULL = YES;
				CLANG_ANALYZER_NUMBER_OBJECT_CONVERSION = YES_AGGRESSIVE;
				CLANG_CXX_LANGUAGE_STANDARD = "gnu++20";
				CLANG_ENABLE_MODULES = YES;
				CLANG_ENABLE_OBJC_ARC = YES;
				CLANG_ENABLE_OBJC_WEAK = YES;
				CLANG_WARN_BLOCK_CAPTURE_AUTORELEASING = YES;
				CLANG_WARN_BOOL_CONVERSION = YES;
				CLANG_WARN_COMMA = YES;
				CLANG_WARN_CONSTANT_CONVERSION = YES;
				CLANG_WARN_DEPRECATED_OBJC_IMPLEMENTATIONS = YES;
				CLANG_WARN_DIRECT_OBJC_ISA_USAGE = YES_ERROR;
				CLANG_WARN_DOCUMENTATION_COMMENTS = YES;
				CLANG_WARN_EMPTY_BODY = YES;
				CLANG_WARN_ENUM_CONVERSION = YES;
				CLANG_WARN_INFINITE_RECURSION = YES;
				CLANG_WARN_INT_CONVERSION = YES;
				CLANG_WARN_NON_LITERAL_NULL_CONVERSION = YES;
				CLANG_WARN_OBJC_IMPLICIT_RETAIN_SELF = YES;
				CLANG_WARN_OBJC_LITERAL_CONVERSION = YES;
				CLANG_WARN_OBJC_ROOT_CLASS = YES_ERROR;
				CLANG_WARN_QUOTED_INCLUDE_IN_FRAMEWORK_HEADER = YES;
				CLANG_WARN_RANGE_LOOP_ANALYSIS = YES;
				CLANG_WARN_STRICT_PROTOTYPES = YES;
				CLANG_WARN_SUSPICIOUS_MOVE = YES;
				CLANG_WARN_UNGUARDED_AVAILABILITY = YES_AGGRESSIVE;
				CLANG_WARN_UNREACHABLE_CODE = YES;
				CLANG_WARN__DUPLICATE_METHOD_MATCH = YES;
				COPY_PHASE_STRIP = NO;
				DEBUG_INFORMATION_FORMAT = "dwarf-with-dsym";
				ENABLE_NS_ASSERTIONS = NO;
				ENABLE_STRICT_OBJC_MSGSEND = YES;
				ENABLE_USER_SCRIPT_SANDBOXING = YES;
				GCC_C_LANGUAGE_STANDARD = gnu17;
				GCC_NO_COMMON_BLOCKS = YES;
				GCC_WARN_64_TO_32_BIT_CONVERSION = YES;
				GCC_WARN_ABOUT_RETURN_TYPE = YES_ERROR;
				GCC_WARN_UNDECLARED_SELECTOR = YES;
				GCC_WARN_UNINITIALIZED_AUTOS = YES_AGGRESSIVE;
				GCC_WARN_UNUSED_FUNCTION = YES;
				GCC_WARN_UNUSED_VARIABLE = YES;
				IPHONEOS_DEPLOYMENT_TARGET = 17.5;
				LOCALIZATION_PREFERS_STRING_CATALOGS = YES;
				MTL_ENABLE_DEBUG_INFO = NO;
				MTL_FAST_MATH = YES;
				SDKROOT = iphoneos;
				SWIFT_COMPILATION_MODE = wholemodule;
				VALIDATE_PRODUCT = YES;
			};
			name = Release;
		};
		740867A52C2E54BC0083D323 /* Debug */ = {
			isa = XCBuildConfiguration;
			buildSettings = {
				ASSETCATALOG_COMPILER_APPICON_NAME = AppIcon;
				ASSETCATALOG_COMPILER_GLOBAL_ACCENT_COLOR_NAME = AccentColor;
				CODE_SIGN_STYLE = Automatic;
				CURRENT_PROJECT_VERSION = 1;
				GENERATE_INFOPLIST_FILE = YES;
				INFOPLIST_FILE = MovieTrending/Info.plist;
				INFOPLIST_KEY_UIApplicationSupportsIndirectInputEvents = YES;
				INFOPLIST_KEY_UILaunchStoryboardName = LaunchScreen;
				INFOPLIST_KEY_UIMainStoryboardFile = "";
				INFOPLIST_KEY_UISupportedInterfaceOrientations = "UIInterfaceOrientationLandscapeRight UIInterfaceOrientationPortrait";
				INFOPLIST_KEY_UISupportedInterfaceOrientations_iPad = "UIInterfaceOrientationLandscapeLeft UIInterfaceOrientationLandscapeRight UIInterfaceOrientationPortrait";
				LD_RUNPATH_SEARCH_PATHS = (
					"$(inherited)",
					"@executable_path/Frameworks",
				);
				MARKETING_VERSION = 1.0;
				PRODUCT_BUNDLE_IDENTIFIER = com.mazzocchi.MovieTrending;
				PRODUCT_NAME = "$(TARGET_NAME)";
				SUPPORTED_PLATFORMS = "iphoneos iphonesimulator";
				SUPPORTS_MACCATALYST = NO;
				SUPPORTS_MAC_DESIGNED_FOR_IPHONE_IPAD = NO;
				SUPPORTS_XR_DESIGNED_FOR_IPHONE_IPAD = NO;
				SWIFT_EMIT_LOC_STRINGS = YES;
				SWIFT_VERSION = 5.0;
				TARGETED_DEVICE_FAMILY = 1;
			};
			name = Debug;
		};
		740867A62C2E54BC0083D323 /* Release */ = {
			isa = XCBuildConfiguration;
			buildSettings = {
				ASSETCATALOG_COMPILER_APPICON_NAME = AppIcon;
				ASSETCATALOG_COMPILER_GLOBAL_ACCENT_COLOR_NAME = AccentColor;
				CODE_SIGN_STYLE = Automatic;
				CURRENT_PROJECT_VERSION = 1;
				GENERATE_INFOPLIST_FILE = YES;
				INFOPLIST_FILE = MovieTrending/Info.plist;
				INFOPLIST_KEY_UIApplicationSupportsIndirectInputEvents = YES;
				INFOPLIST_KEY_UILaunchStoryboardName = LaunchScreen;
				INFOPLIST_KEY_UIMainStoryboardFile = "";
				INFOPLIST_KEY_UISupportedInterfaceOrientations = "UIInterfaceOrientationLandscapeRight UIInterfaceOrientationPortrait";
				INFOPLIST_KEY_UISupportedInterfaceOrientations_iPad = "UIInterfaceOrientationLandscapeLeft UIInterfaceOrientationLandscapeRight UIInterfaceOrientationPortrait";
				LD_RUNPATH_SEARCH_PATHS = (
					"$(inherited)",
					"@executable_path/Frameworks",
				);
				MARKETING_VERSION = 1.0;
				PRODUCT_BUNDLE_IDENTIFIER = com.mazzocchi.MovieTrending;
				PRODUCT_NAME = "$(TARGET_NAME)";
				SUPPORTED_PLATFORMS = "iphoneos iphonesimulator";
				SUPPORTS_MACCATALYST = NO;
				SUPPORTS_MAC_DESIGNED_FOR_IPHONE_IPAD = NO;
				SUPPORTS_XR_DESIGNED_FOR_IPHONE_IPAD = NO;
				SWIFT_EMIT_LOC_STRINGS = YES;
				SWIFT_VERSION = 5.0;
				TARGETED_DEVICE_FAMILY = 1;
			};
			name = Release;
		};
		740867A82C2E54BC0083D323 /* Debug */ = {
			isa = XCBuildConfiguration;
			buildSettings = {
				ALWAYS_EMBED_SWIFT_STANDARD_LIBRARIES = YES;
				BUNDLE_LOADER = "$(TEST_HOST)";
				CODE_SIGN_STYLE = Automatic;
				CURRENT_PROJECT_VERSION = 1;
				GENERATE_INFOPLIST_FILE = YES;
				IPHONEOS_DEPLOYMENT_TARGET = 17.5;
				MARKETING_VERSION = 1.0;
				PRODUCT_BUNDLE_IDENTIFIER = com.mazzocchi.MovieTrendingTests;
				PRODUCT_NAME = "$(TARGET_NAME)";
				SWIFT_EMIT_LOC_STRINGS = NO;
				SWIFT_VERSION = 5.0;
				TARGETED_DEVICE_FAMILY = "1,2";
				TEST_HOST = "$(BUILT_PRODUCTS_DIR)/MovieTrending.app/$(BUNDLE_EXECUTABLE_FOLDER_PATH)/MovieTrending";
			};
			name = Debug;
		};
		740867A92C2E54BC0083D323 /* Release */ = {
			isa = XCBuildConfiguration;
			buildSettings = {
				ALWAYS_EMBED_SWIFT_STANDARD_LIBRARIES = YES;
				BUNDLE_LOADER = "$(TEST_HOST)";
				CODE_SIGN_STYLE = Automatic;
				CURRENT_PROJECT_VERSION = 1;
				GENERATE_INFOPLIST_FILE = YES;
				IPHONEOS_DEPLOYMENT_TARGET = 17.5;
				MARKETING_VERSION = 1.0;
				PRODUCT_BUNDLE_IDENTIFIER = com.mazzocchi.MovieTrendingTests;
				PRODUCT_NAME = "$(TARGET_NAME)";
				SWIFT_EMIT_LOC_STRINGS = NO;
				SWIFT_VERSION = 5.0;
				TARGETED_DEVICE_FAMILY = "1,2";
				TEST_HOST = "$(BUILT_PRODUCTS_DIR)/MovieTrending.app/$(BUNDLE_EXECUTABLE_FOLDER_PATH)/MovieTrending";
			};
			name = Release;
		};
		740867AB2C2E54BC0083D323 /* Debug */ = {
			isa = XCBuildConfiguration;
			buildSettings = {
				ALWAYS_EMBED_SWIFT_STANDARD_LIBRARIES = YES;
				CODE_SIGN_STYLE = Automatic;
				CURRENT_PROJECT_VERSION = 1;
				GENERATE_INFOPLIST_FILE = YES;
				MARKETING_VERSION = 1.0;
				PRODUCT_BUNDLE_IDENTIFIER = com.mazzocchi.MovieTrendingUITests;
				PRODUCT_NAME = "$(TARGET_NAME)";
				SUPPORTED_PLATFORMS = "iphoneos iphonesimulator";
				SUPPORTS_MACCATALYST = NO;
				SUPPORTS_MAC_DESIGNED_FOR_IPHONE_IPAD = NO;
				SUPPORTS_XR_DESIGNED_FOR_IPHONE_IPAD = NO;
				SWIFT_EMIT_LOC_STRINGS = NO;
				SWIFT_VERSION = 5.0;
				TARGETED_DEVICE_FAMILY = 1;
				TEST_TARGET_NAME = MovieTrending;
			};
			name = Debug;
		};
		740867AC2C2E54BC0083D323 /* Release */ = {
			isa = XCBuildConfiguration;
			buildSettings = {
				ALWAYS_EMBED_SWIFT_STANDARD_LIBRARIES = YES;
				CODE_SIGN_STYLE = Automatic;
				CURRENT_PROJECT_VERSION = 1;
				GENERATE_INFOPLIST_FILE = YES;
				MARKETING_VERSION = 1.0;
				PRODUCT_BUNDLE_IDENTIFIER = com.mazzocchi.MovieTrendingUITests;
				PRODUCT_NAME = "$(TARGET_NAME)";
				SUPPORTED_PLATFORMS = "iphoneos iphonesimulator";
				SUPPORTS_MACCATALYST = NO;
				SUPPORTS_MAC_DESIGNED_FOR_IPHONE_IPAD = NO;
				SUPPORTS_XR_DESIGNED_FOR_IPHONE_IPAD = NO;
				SWIFT_EMIT_LOC_STRINGS = NO;
				SWIFT_VERSION = 5.0;
				TARGETED_DEVICE_FAMILY = 1;
				TEST_TARGET_NAME = MovieTrending;
			};
			name = Release;
		};
/* End XCBuildConfiguration section */

/* Begin XCConfigurationList section */
		740867752C2E54BB0083D323 /* Build configuration list for PBXProject "MovieTrending" */ = {
			isa = XCConfigurationList;
			buildConfigurations = (
				740867A22C2E54BC0083D323 /* Debug */,
				740867A32C2E54BC0083D323 /* Release */,
			);
			defaultConfigurationIsVisible = 0;
			defaultConfigurationName = Release;
		};
		740867A42C2E54BC0083D323 /* Build configuration list for PBXNativeTarget "MovieTrending" */ = {
			isa = XCConfigurationList;
			buildConfigurations = (
				740867A52C2E54BC0083D323 /* Debug */,
				740867A62C2E54BC0083D323 /* Release */,
			);
			defaultConfigurationIsVisible = 0;
			defaultConfigurationName = Release;
		};
		740867A72C2E54BC0083D323 /* Build configuration list for PBXNativeTarget "MovieTrendingTests" */ = {
			isa = XCConfigurationList;
			buildConfigurations = (
				740867A82C2E54BC0083D323 /* Debug */,
				740867A92C2E54BC0083D323 /* Release */,
			);
			defaultConfigurationIsVisible = 0;
			defaultConfigurationName = Release;
		};
		740867AA2C2E54BC0083D323 /* Build configuration list for PBXNativeTarget "MovieTrendingUITests" */ = {
			isa = XCConfigurationList;
			buildConfigurations = (
				740867AB2C2E54BC0083D323 /* Debug */,
				740867AC2C2E54BC0083D323 /* Release */,
			);
			defaultConfigurationIsVisible = 0;
			defaultConfigurationName = Release;
		};
/* End XCConfigurationList section */

/* Begin XCRemoteSwiftPackageReference section */
		74EDBA212C32292500F51CF2 /* XCRemoteSwiftPackageReference "SDWebImage" */ = {
			isa = XCRemoteSwiftPackageReference;
			repositoryURL = "https://github.com/SDWebImage/SDWebImage.git";
			requirement = {
				kind = upToNextMajorVersion;
				minimumVersion = 5.19.3;
			};
		};
/* End XCRemoteSwiftPackageReference section */

/* Begin XCSwiftPackageProductDependency section */
		74EDBA222C3229FA00F51CF2 /* SDWebImage */ = {
			isa = XCSwiftPackageProductDependency;
			package = 74EDBA212C32292500F51CF2 /* XCRemoteSwiftPackageReference "SDWebImage" */;
			productName = SDWebImage;
		};
/* End XCSwiftPackageProductDependency section */
	};
	rootObject = 740867722C2E54BB0083D323 /* Project object */;
}
